
Microsoft Visual Studio Solution File, Format Version 11.00
# Visual Studio 2010
Project("{FAE04EC0-301F-11D3-BF4B-00C04F79EFBC}") = "Assembly-CSharp", "Assembly-CSharp.csproj", "{7964439c-99a0-e9ed-9141-e91269d788e0}"
EndProject
Project("{FAE04EC0-301F-11D3-BF4B-00C04F79EFBC}") = "Assembly-CSharp-Editor-firstpass", "Assembly-CSharp-Editor-firstpass.csproj", "{b81160f7-e621-562e-881b-36fde57c0101}"
EndProject
Global
	GlobalSection(SolutionConfigurationPlatforms) = preSolution
		Debug|Any CPU = Debug|Any CPU
	EndGlobalSection
	GlobalSection(ProjectConfigurationPlatforms) = postSolution
		{7964439c-99a0-e9ed-9141-e91269d788e0}.Debug|Any CPU.ActiveCfg = Debug|Any CPU
		{7964439c-99a0-e9ed-9141-e91269d788e0}.Debug|Any CPU.Build.0 = Debug|Any CPU
		{b81160f7-e621-562e-881b-36fde57c0101}.Debug|Any CPU.ActiveCfg = Debug|Any CPU
		{b81160f7-e621-562e-881b-36fde57c0101}.Debug|Any CPU.Build.0 = Debug|Any CPU
	EndGlobalSection
	GlobalSection(SolutionProperties) = preSolution
		HideSolutionNode = FALSE
	EndGlobalSection
EndGlobal
